
Microsoft Visual Studio Solution File, Format Version 12.00
# Visual Studio Version 16
VisualStudioVersion = 16.0.31515.178
MinimumVisualStudioVersion = 10.0.40219.1
Project("{FAE04EC0-301F-11D3-BF4B-00C04F79EFBC}") = "ProcessGhosting", "ProcessGhosting.csproj", "{E18567D7-F4E2-4AC4-8850-E736536BDA45}"
EndProject
Global
	GlobalSection(SolutionConfigurationPlatforms) = preSolution
		Debug|Any CPU = Debug|Any CPU
		Debug|x64 = Debug|x64
		Release|Any CPU = Release|Any CPU
		Release|x64 = Release|x64
	EndGlobalSection
	GlobalSection(ProjectConfigurationPlatforms) = postSolution
		{E18567D7-F4E2-4AC4-8850-E736536BDA45}.Debug|Any CPU.ActiveCfg = Debug|Any CPU
		{E18567D7-F4E2-4AC4-8850-E736536BDA45}.Debug|Any CPU.Build.0 = Debug|Any CPU
		{E18567D7-F4E2-4AC4-8850-E736536BDA45}.Debug|x64.ActiveCfg = Debug|x64
		{E18567D7-F4E2-4AC4-8850-E736536BDA45}.Debug|x64.Build.0 = Debug|x64
		{E18567D7-F4E2-4AC4-8850-E736536BDA45}.Release|Any CPU.ActiveCfg = Release|Any CPU
		{E18567D7-F4E2-4AC4-8850-E736536BDA45}.Release|Any CPU.Build.0 = Release|Any CPU
		{E18567D7-F4E2-4AC4-8850-E736536BDA45}.Release|x64.ActiveCfg = Release|x64
		{E18567D7-F4E2-4AC4-8850-E736536BDA45}.Release|x64.Build.0 = Release|x64
	EndGlobalSection
	GlobalSection(SolutionProperties) = preSolution
		HideSolutionNode = FALSE
	EndGlobalSection
	GlobalSection(ExtensibilityGlobals) = postSolution
		SolutionGuid = {AEE65E74-F0AA-41F2-B31F-02E3EDCFBE5D}
	EndGlobalSection
EndGlobal
